// !$*UTF8*$!
{
	archiveVersion = 1;
	classes = {
	};
	objectVersion = 55;
	objects = {

/* Begin PBXBuildFile section */
		6B95B2C6271EE8AE00FFEC93 /* GitHubTestApp.swift in Sources */ = {isa = PBXBuildFile; fileRef = 6B95B2C5271EE8AE00FFEC93 /* GitHubTestApp.swift */; };
		6B95B2C8271EE8AE00FFEC93 /* ContentView.swift in Sources */ = {isa = PBXBuildFile; fileRef = 6B95B2C7271EE8AE00FFEC93 /* ContentView.swift */; };
		6B95B2CA271EE8B200FFEC93 /* Assets.xcassets in Resources */ = {isa = PBXBuildFile; fileRef = 6B95B2C9271EE8B200FFEC93 /* Assets.xcassets */; };
		6B95B2CD271EE8B200FFEC93 /* Preview Assets.xcassets in Resources */ = {isa = PBXBuildFile; fileRef = 6B95B2CC271EE8B200FFEC93 /* Preview Assets.xcassets */; };
		6B95B2D7271EE8B200FFEC93 /* GitHubTestTests.swift in Sources */ = {isa = PBXBuildFile; fileRef = 6B95B2D6271EE8B200FFEC93 /* GitHubTestTests.swift */; };
		6B95B2E1271EE8B200FFEC93 /* GitHubTestUITests.swift in Sources */ = {isa = PBXBuildFile; fileRef = 6B95B2E0271EE8B200FFEC93 /* GitHubTestUITests.swift */; };
		6B95B2E3271EE8B200FFEC93 /* GitHubTestUITestsLaunchTests.swift in Sources */ = {isa = PBXBuildFile; fileRef = 6B95B2E2271EE8B200FFEC93 /* GitHubTestUITestsLaunchTests.swift */; };
/* End PBXBuildFile section */

/* Begin PBXContainerItemProxy section */
		6B95B2D3271EE8B200FFEC93 /* PBXContainerItemProxy */ = {
			isa = PBXContainerItemProxy;
			containerPortal = 6B95B2BA271EE8AE00FFEC93 /* Project object */;
			proxyType = 1;
			remoteGlobalIDString = 6B95B2C1271EE8AE00FFEC93;
			remoteInfo = GitHubTest;
		};
		6B95B2DD271EE8B200FFEC93 /* PBXContainerItemProxy */ = {
			isa = PBXContainerItemProxy;
			containerPortal = 6B95B2BA271EE8AE00FFEC93 /* Project object */;
			proxyType = 1;
			remoteGlobalIDString = 6B95B2C1271EE8AE00FFEC93;
			remoteInfo = GitHubTest;
		};
/* End PBXContainerItemProxy section */

/* Begin PBXFileReference section */
		6B95B2C2271EE8AE00FFEC93 /* GitHubTest.app */ = {isa = PBXFileReference; explicitFileType = wrapper.application; includeInIndex = 0; path = GitHubTest.app; sourceTree = BUILT_PRODUCTS_DIR; };
		6B95B2C5271EE8AE00FFEC93 /* GitHubTestApp.swift */ = {isa = PBXFileReference; lastKnownFileType = sourcecode.swift; path = GitHubTestApp.swift; sourceTree = "<group>"; };
		6B95B2C7271EE8AE00FFEC93 /* ContentView.swift */ = {isa = PBXFileReference; lastKnownFileType = sourcecode.swift; path = ContentView.swift; sourceTree = "<group>"; };
		6B95B2C9271EE8B200FFEC93 /* Assets.xcassets */ = {isa = PBXFileReference; lastKnownFileType = folder.assetcatalog; path = Assets.xcassets; sourceTree = "<group>"; };
		6B95B2CC271EE8B200FFEC93 /* Preview Assets.xcassets */ = {isa = PBXFileReference; lastKnownFileType = folder.assetcatalog; path = "Preview Assets.xcassets"; sourceTree = "<group>"; };
		6B95B2D2271EE8B200FFEC93 /* GitHubTestTests.xctest */ = {isa = PBXFileReference; explicitFileType = wrapper.cfbundle; includeInIndex = 0; path = GitHubTestTests.xctest; sourceTree = BUILT_PRODUCTS_DIR; };
		6B95B2D6271EE8B200FFEC93 /* GitHubTestTests.swift */ = {isa = PBXFileReference; lastKnownFileType = sourcecode.swift; path = GitHubTestTests.swift; sourceTree = "<group>"; };
		6B95B2DC271EE8B200FFEC93 /* GitHubTestUITests.xctest */ = {isa = PBXFileReference; explicitFileType = wrapper.cfbundle; includeInIndex = 0; path = GitHubTestUITests.xctest; sourceTree = BUILT_PRODUCTS_DIR; };
		6B95B2E0271EE8B200FFEC93 /* GitHubTestUITests.swift */ = {isa = PBXFileReference; lastKnownFileType = sourcecode.swift; path = GitHubTestUITests.swift; sourceTree = "<group>"; };
		6B95B2E2271EE8B200FFEC93 /* GitHubTestUITestsLaunchTests.swift */ = {isa = PBXFileReference; lastKnownFileType = sourcecode.swift; path = GitHubTestUITestsLaunchTests.swift; sourceTree = "<group>"; };
/* End PBXFileReference section */

/* Begin PBXFrameworksBuildPhase section */
		6B95B2BF271EE8AE00FFEC93 /* Frameworks */ = {
			isa = PBXFrameworksBuildPhase;
			buildActionMask = 2147483647;
			files = (
			);
			runOnlyForDeploymentPostprocessing = 0;
		};
		6B95B2CF271EE8B200FFEC93 /* Frameworks */ = {
			isa = PBXFrameworksBuildPhase;
			buildActionMask = 2147483647;
			files = (
			);
			runOnlyForDeploymentPostprocessing = 0;
		};
		6B95B2D9271EE8B200FFEC93 /* Frameworks */ = {
			isa = PBXFrameworksBuildPhase;
			buildActionMask = 2147483647;
			files = (
			);
			runOnlyForDeploymentPostprocessing = 0;
		};
/* End PBXFrameworksBuildPhase section */

/* Begin PBXGroup section */
		6B95B2B9271EE8AE00FFEC93 = {
			isa = PBXGroup;
			children = (
				6B95B2C4271EE8AE00FFEC93 /* GitHubTest */,
				6B95B2D5271EE8B200FFEC93 /* GitHubTestTests */,
				6B95B2DF271EE8B200FFEC93 /* GitHubTestUITests */,
				6B95B2C3271EE8AE00FFEC93 /* Products */,
			);
			sourceTree = "<group>";
		};
		6B95B2C3271EE8AE00FFEC93 /* Products */ = {
			isa = PBXGroup;
			children = (
				6B95B2C2271EE8AE00FFEC93 /* GitHubTest.app */,
				6B95B2D2271EE8B200FFEC93 /* GitHubTestTests.xctest */,
				6B95B2DC271EE8B200FFEC93 /* GitHubTestUITests.xctest */,
			);
			name = Products;
			sourceTree = "<group>";
		};
		6B95B2C4271EE8AE00FFEC93 /* GitHubTest */ = {
			isa = PBXGroup;
			children = (
				6B95B2C5271EE8AE00FFEC93 /* GitHubTestApp.swift */,
				6B95B2C7271EE8AE00FFEC93 /* ContentView.swift */,
				6B95B2C9271EE8B200FFEC93 /* Assets.xcassets */,
				6B95B2CB271EE8B200FFEC93 /* Preview Content */,
			);
			path = GitHubTest;
			sourceTree = "<group>";
		};
		6B95B2CB271EE8B200FFEC93 /* Preview Content */ = {
			isa = PBXGroup;
			children = (
				6B95B2CC271EE8B200FFEC93 /* Preview Assets.xcassets */,
			);
			path = "Preview Content";
			sourceTree = "<group>";
		};
		6B95B2D5271EE8B200FFEC93 /* GitHubTestTests */ = {
			isa = PBXGroup;
			children = (
				6B95B2D6271EE8B200FFEC93 /* GitHubTestTests.swift */,
			);
			path = GitHubTestTests;
			sourceTree = "<group>";
		};
		6B95B2DF271EE8B200FFEC93 /* GitHubTestUITests */ = {
			isa = PBXGroup;
			children = (
				6B95B2E0271EE8B200FFEC93 /* GitHubTestUITests.swift */,
				6B95B2E2271EE8B200FFEC93 /* GitHubTestUITestsLaunchTests.swift */,
			);
			path = GitHubTestUITests;
			sourceTree = "<group>";
		};
/* End PBXGroup section */

/* Begin PBXNativeTarget section */
		6B95B2C1271EE8AE00FFEC93 /* GitHubTest */ = {
			isa = PBXNativeTarget;
			buildConfigurationList = 6B95B2E6271EE8B200FFEC93 /* Build configuration list for PBXNativeTarget "GitHubTest" */;
			buildPhases = (
				6B95B2BE271EE8AE00FFEC93 /* Sources */,
				6B95B2BF271EE8AE00FFEC93 /* Frameworks */,
				6B95B2C0271EE8AE00FFEC93 /* Resources */,
			);
			buildRules = (
			);
			dependencies = (
			);
			name = GitHubTest;
			productName = GitHubTest;
			productReference = 6B95B2C2271EE8AE00FFEC93 /* GitHubTest.app */;
			productType = "com.apple.product-type.application";
		};
		6B95B2D1271EE8B200FFEC93 /* GitHubTestTests */ = {
			isa = PBXNativeTarget;
			buildConfigurationList = 6B95B2E9271EE8B200FFEC93 /* Build configuration list for PBXNativeTarget "GitHubTestTests" */;
			buildPhases = (
				6B95B2CE271EE8B200FFEC93 /* Sources */,
				6B95B2CF271EE8B200FFEC93 /* Frameworks */,
				6B95B2D0271EE8B200FFEC93 /* Resources */,
			);
			buildRules = (
			);
			dependencies = (
				6B95B2D4271EE8B200FFEC93 /* PBXTargetDependency */,
			);
			name = GitHubTestTests;
			productName = GitHubTestTests;
			productReference = 6B95B2D2271EE8B200FFEC93 /* GitHubTestTests.xctest */;
			productType = "com.apple.product-type.bundle.unit-test";
		};
		6B95B2DB271EE8B200FFEC93 /* GitHubTestUITests */ = {
			isa = PBXNativeTarget;
			buildConfigurationList = 6B95B2EC271EE8B200FFEC93 /* Build configuration list for PBXNativeTarget "GitHubTestUITests" */;
			buildPhases = (
				6B95B2D8271EE8B200FFEC93 /* Sources */,
				6B95B2D9271EE8B200FFEC93 /* Frameworks */,
				6B95B2DA271EE8B200FFEC93 /* Resources */,
			);
			buildRules = (
			);
			dependencies = (
				6B95B2DE271EE8B200FFEC93 /* PBXTargetDependency */,
			);
			name = GitHubTestUITests;
			productName = GitHubTestUITests;
			productReference = 6B95B2DC271EE8B200FFEC93 /* GitHubTestUITests.xctest */;
			productType = "com.apple.product-type.bundle.ui-testing";
		};
/* End PBXNativeTarget section */

/* Begin PBXProject section */
		6B95B2BA271EE8AE00FFEC93 /* Project object */ = {
			isa = PBXProject;
			attributes = {
				BuildIndependentTargetsInParallel = 1;
				LastSwiftUpdateCheck = 1300;
				LastUpgradeCheck = 1300;
				TargetAttributes = {
					6B95B2C1271EE8AE00FFEC93 = {
						CreatedOnToolsVersion = 13.0;
					};
					6B95B2D1271EE8B200FFEC93 = {
						CreatedOnToolsVersion = 13.0;
						TestTargetID = 6B95B2C1271EE8AE00FFEC93;
					};
					6B95B2DB271EE8B200FFEC93 = {
						CreatedOnToolsVersion = 13.0;
						TestTargetID = 6B95B2C1271EE8AE00FFEC93;
					};
				};
			};
			buildConfigurationList = 6B95B2BD271EE8AE00FFEC93 /* Build configuration list for PBXProject "GitHubTest" */;
			compatibilityVersion = "Xcode 13.0";
			developmentRegion = en;
			hasScannedForEncodings = 0;
			knownRegions = (
				en,
				Base,
			);
			mainGroup = 6B95B2B9271EE8AE00FFEC93;
			productRefGroup = 6B95B2C3271EE8AE00FFEC93 /* Products */;
			projectDirPath = "";
			projectRoot = "";
			targets = (
				6B95B2C1271EE8AE00FFEC93 /* GitHubTest */,
				6B95B2D1271EE8B200FFEC93 /* GitHubTestTests */,
				6B95B2DB271EE8B200FFEC93 /* GitHubTestUITests */,
			);
		};
/* End PBXProject section */

/* Begin PBXResourcesBuildPhase section */
		6B95B2C0271EE8AE00FFEC93 /* Resources */ = {
			isa = PBXResourcesBuildPhase;
			buildActionMask = 2147483647;
			files = (
				6B95B2CD271EE8B200FFEC93 /* Preview Assets.xcassets in Resources */,
				6B95B2CA271EE8B200FFEC93 /* Assets.xcassets in Resources */,
			);
			runOnlyForDeploymentPostprocessing = 0;
		};
		6B95B2D0271EE8B200FFEC93 /* Resources */ = {
			isa = PBXResourcesBuildPhase;
			buildActionMask = 2147483647;
			files = (
			);
			runOnlyForDeploymentPostprocessing = 0;
		};
		6B95B2DA271EE8B200FFEC93 /* Resources */ = {
			isa = PBXResourcesBuildPhase;
			buildActionMask = 2147483647;
			files = (
			);
			runOnlyForDeploymentPostprocessing = 0;
		};
/* End PBXResourcesBuildPhase section */

/* Begin PBXSourcesBuildPhase section */
		6B95B2BE271EE8AE00FFEC93 /* Sources */ = {
			isa = PBXSourcesBuildPhase;
			buildActionMask = 2147483647;
			files = (
				6B95B2C8271EE8AE00FFEC93 /* ContentView.swift in Sources */,
				6B95B2C6271EE8AE00FFEC93 /* GitHubTestApp.swift in Sources */,
			);
			runOnlyForDeploymentPostprocessing = 0;
		};
		6B95B2CE271EE8B200FFEC93 /* Sources */ = {
			isa = PBXSourcesBuildPhase;
			buildActionMask = 2147483647;
			files = (
				6B95B2D7271EE8B200FFEC93 /* GitHubTestTests.swift in Sources */,
			);
			runOnlyForDeploymentPostprocessing = 0;
		};
		6B95B2D8271EE8B200FFEC93 /* Sources */ = {
			isa = PBXSourcesBuildPhase;
			buildActionMask = 2147483647;
			files = (
				6B95B2E1271EE8B200FFEC93 /* GitHubTestUITests.swift in Sources */,
				6B95B2E3271EE8B200FFEC93 /* GitHubTestUITestsLaunchTests.swift in Sources */,
			);
			runOnlyForDeploymentPostprocessing = 0;
		};
/* End PBXSourcesBuildPhase section */

/* Begin PBXTargetDependency section */
		6B95B2D4271EE8B200FFEC93 /* PBXTargetDependency */ = {
			isa = PBXTargetDependency;
			target = 6B95B2C1271EE8AE00FFEC93 /* GitHubTest */;
			targetProxy = 6B95B2D3271EE8B200FFEC93 /* PBXContainerItemProxy */;
		};
		6B95B2DE271EE8B200FFEC93 /* PBXTargetDependency */ = {
			isa = PBXTargetDependency;
			target = 6B95B2C1271EE8AE00FFEC93 /* GitHubTest */;
			targetProxy = 6B95B2DD271EE8B200FFEC93 /* PBXContainerItemProxy */;
		};
/* End PBXTargetDependency section */

/* Begin XCBuildConfiguration section */
		6B95B2E4271EE8B200FFEC93 /* Debug */ = {
			isa = XCBuildConfiguration;
			buildSettings = {
				ALWAYS_SEARCH_USER_PATHS = NO;
				CLANG_ANALYZER_NONNULL = YES;
				CLANG_ANALYZER_NUMBER_OBJECT_CONVERSION = YES_AGGRESSIVE;
				CLANG_CXX_LANGUAGE_STANDARD = "gnu++17";
				CLANG_CXX_LIBRARY = "libc++";
				CLANG_ENABLE_MODULES = YES;
				CLANG_ENABLE_OBJC_ARC = YES;
				CLANG_ENABLE_OBJC_WEAK = YES;
				CLANG_WARN_BLOCK_CAPTURE_AUTORELEASING = YES;
				CLANG_WARN_BOOL_CONVERSION = YES;
				CLANG_WARN_COMMA = YES;
				CLANG_WARN_CONSTANT_CONVERSION = YES;
				CLANG_WARN_DEPRECATED_OBJC_IMPLEMENTATIONS = YES;
				CLANG_WARN_DIRECT_OBJC_ISA_USAGE = YES_ERROR;
				CLANG_WARN_DOCUMENTATION_COMMENTS = YES;
				CLANG_WARN_EMPTY_BODY = YES;
				CLANG_WARN_ENUM_CONVERSION = YES;
				CLANG_WARN_INFINITE_RECURSION = YES;
				CLANG_WARN_INT_CONVERSION = YES;
				CLANG_WARN_NON_LITERAL_NULL_CONVERSION = YES;
				CLANG_WARN_OBJC_IMPLICIT_RETAIN_SELF = YES;
				CLANG_WARN_OBJC_LITERAL_CONVERSION = YES;
				CLANG_WARN_OBJC_ROOT_CLASS = YES_ERROR;
				CLANG_WARN_QUOTED_INCLUDE_IN_FRAMEWORK_HEADER = YES;
				CLANG_WARN_RANGE_LOOP_ANALYSIS = YES;
				CLANG_WARN_STRICT_PROTOTYPES = YES;
				CLANG_WARN_SUSPICIOUS_MOVE = YES;
				CLANG_WARN_UNGUARDED_AVAILABILITY = YES_AGGRESSIVE;
				CLANG_WARN_UNREACHABLE_CODE = YES;
				CLANG_WARN__DUPLICATE_METHOD_MATCH = YES;
				COPY_PHASE_STRIP = NO;
				DEBUG_INFORMATION_FORMAT = dwarf;
				ENABLE_STRICT_OBJC_MSGSEND = YES;
				ENABLE_TESTABILITY = YES;
				GCC_C_LANGUAGE_STANDARD = gnu11;
				GCC_DYNAMIC_NO_PIC = NO;
				GCC_NO_COMMON_BLOCKS = YES;
				GCC_OPTIMIZATION_LEVEL = 0;
				GCC_PREPROCESSOR_DEFINITIONS = (
					"DEBUG=1",
					"$(inherited)",
				);
				GCC_WARN_64_TO_32_BIT_CONVERSION = YES;
				GCC_WARN_ABOUT_RETURN_TYPE = YES_ERROR;
				GCC_WARN_UNDECLARED_SELECTOR = YES;
				GCC_WARN_UNINITIALIZED_AUTOS = YES_AGGRESSIVE;
				GCC_WARN_UNUSED_FUNCTION = YES;
				GCC_WARN_UNUSED_VARIABLE = YES;
				IPHONEOS_DEPLOYMENT_TARGET = 15.0;
				MTL_ENABLE_DEBUG_INFO = INCLUDE_SOURCE;
				MTL_FAST_MATH = YES;
				ONLY_ACTIVE_ARCH = YES;
				SDKROOT = iphoneos;
				SWIFT_ACTIVE_COMPILATION_CONDITIONS = DEBUG;
				SWIFT_OPTIMIZATION_LEVEL = "-Onone";
			};
			name = Debug;
		};
		6B95B2E5271EE8B200FFEC93 /* Release */ = {
			isa = XCBuildConfiguration;
			buildSettings = {
				ALWAYS_SEARCH_USER_PATHS = NO;
				CLANG_ANALYZER_NONNULL = YES;
				CLANG_ANALYZER_NUMBER_OBJECT_CONVERSION = YES_AGGRESSIVE;
				CLANG_CXX_LANGUAGE_STANDARD = "gnu++17";
				CLANG_CXX_LIBRARY = "libc++";
				CLANG_ENABLE_MODULES = YES;
				CLANG_ENABLE_OBJC_ARC = YES;
				CLANG_ENABLE_OBJC_WEAK = YES;
				CLANG_WARN_BLOCK_CAPTURE_AUTORELEASING = YES;
				CLANG_WARN_BOOL_CONVERSION = YES;
				CLANG_WARN_COMMA = YES;
				CLANG_WARN_CONSTANT_CONVERSION = YES;
				CLANG_WARN_DEPRECATED_OBJC_IMPLEMENTATIONS = YES;
				CLANG_WARN_DIRECT_OBJC_ISA_USAGE = YES_ERROR;
				CLANG_WARN_DOCUMENTATION_COMMENTS = YES;
				CLANG_WARN_EMPTY_BODY = YES;
				CLANG_WARN_ENUM_CONVERSION = YES;
				CLANG_WARN_INFINITE_RECURSION = YES;
				CLANG_WARN_INT_CONVERSION = YES;
				CLANG_WARN_NON_LITERAL_NULL_CONVERSION = YES;
				CLANG_WARN_OBJC_IMPLICIT_RETAIN_SELF = YES;
				CLANG_WARN_OBJC_LITERAL_CONVERSION = YES;
				CLANG_WARN_OBJC_ROOT_CLASS = YES_ERROR;
				CLANG_WARN_QUOTED_INCLUDE_IN_FRAMEWORK_HEADER = YES;
				CLANG_WARN_RANGE_LOOP_ANALYSIS = YES;
				CLANG_WARN_STRICT_PROTOTYPES = YES;
				CLANG_WARN_SUSPICIOUS_MOVE = YES;
				CLANG_WARN_UNGUARDED_AVAILABILITY = YES_AGGRESSIVE;
				CLANG_WARN_UNREACHABLE_CODE = YES;
				CLANG_WARN__DUPLICATE_METHOD_MATCH = YES;
				COPY_PHASE_STRIP = NO;
				DEBUG_INFORMATION_FORMAT = "dwarf-with-dsym";
				ENABLE_NS_ASSERTIONS = NO;
				ENABLE_STRICT_OBJC_MSGSEND = YES;
				GCC_C_LANGUAGE_STANDARD = gnu11;
				GCC_NO_COMMON_BLOCKS = YES;
				GCC_WARN_64_TO_32_BIT_CONVERSION = YES;
				GCC_WARN_ABOUT_RETURN_TYPE = YES_ERROR;
				GCC_WARN_UNDECLARED_SELECTOR = YES;
				GCC_WARN_UNINITIALIZED_AUTOS = YES_AGGRESSIVE;
				GCC_WARN_UNUSED_FUNCTION = YES;
				GCC_WARN_UNUSED_VARIABLE = YES;
				IPHONEOS_DEPLOYMENT_TARGET = 15.0;
				MTL_ENABLE_DEBUG_INFO = NO;
				MTL_FAST_MATH = YES;
				SDKROOT = iphoneos;
				SWIFT_COMPILATION_MODE = wholemodule;
				SWIFT_OPTIMIZATION_LEVEL = "-O";
				VALIDATE_PRODUCT = YES;
			};
			name = Release;
		};
		6B95B2E7271EE8B200FFEC93 /* Debug */ = {
			isa = XCBuildConfiguration;
			buildSettings = {
				ASSETCATALOG_COMPILER_APPICON_NAME = AppIcon;
				ASSETCATALOG_COMPILER_GLOBAL_ACCENT_COLOR_NAME = AccentColor;
				CODE_SIGN_STYLE = Automatic;
				CURRENT_PROJECT_VERSION = 1;
				DEVELOPMENT_ASSET_PATHS = "\"GitHubTest/Preview Content\"";
				ENABLE_PREVIEWS = YES;
				GENERATE_INFOPLIST_FILE = YES;
				INFOPLIST_KEY_UIApplicationSceneManifest_Generation = YES;
				INFOPLIST_KEY_UIApplicationSupportsIndirectInputEvents = YES;
				INFOPLIST_KEY_UILaunchScreen_Generation = YES;
				INFOPLIST_KEY_UISupportedInterfaceOrientations_iPad = "UIInterfaceOrientationPortrait UIInterfaceOrientationPortraitUpsideDown UIInterfaceOrientationLandscapeLeft UIInterfaceOrientationLandscapeRight";
				INFOPLIST_KEY_UISupportedInterfaceOrientations_iPhone = "UIInterfaceOrientationPortrait UIInterfaceOrientationLandscapeLeft UIInterfaceOrientationLandscapeRight";
				IPHONEOS_DEPLOYMENT_TARGET = 14.0;
				LD_RUNPATH_SEARCH_PATHS = (
					"$(inherited)",
					"@executable_path/Frameworks",
				);
				MARKETING_VERSION = 1.0;
				PRODUCT_BUNDLE_IDENTIFIER = Bolton.GitHubTest;
				PRODUCT_NAME = "$(TARGET_NAME)";
				SWIFT_EMIT_LOC_STRINGS = YES;
				SWIFT_VERSION = 5.0;
				TARGETED_DEVICE_FAMILY = "1,2";
			};
			name = Debug;
		};
		6B95B2E8271EE8B200FFEC93 /* Release */ = {
			isa = XCBuildConfiguration;
			buildSettings = {
				ASSETCATALOG_COMPILER_APPICON_NAME = AppIcon;
				ASSETCATALOG_COMPILER_GLOBAL_ACCENT_COLOR_NAME = AccentColor;
				CODE_SIGN_STYLE = Automatic;
				CURRENT_PROJECT_VERSION = 1;
				DEVELOPMENT_ASSET_PATHS = "\"GitHubTest/Preview Content\"";
				ENABLE_PREVIEWS = YES;
				GENERATE_INFOPLIST_FILE = YES;
				INFOPLIST_KEY_UIApplicationSceneManifest_Generation = YES;
				INFOPLIST_KEY_UIApplicationSupportsIndirectInputEvents = YES;
				INFOPLIST_KEY_UILaunchScreen_Generation = YES;
				INFOPLIST_KEY_UISupportedInterfaceOrientations_iPad = "UIInterfaceOrientationPortrait UIInterfaceOrientationPortraitUpsideDown UIInterfaceOrientationLandscapeLeft UIInterfaceOrientationLandscapeRight";
				INFOPLIST_KEY_UISupportedInterfaceOrientations_iPhone = "UIInterfaceOrientationPortrait UIInterfaceOrientationLandscapeLeft UIInterfaceOrientationLandscapeRight";
				IPHONEOS_DEPLOYMENT_TARGET = 14.0;
				LD_RUNPATH_SEARCH_PATHS = (
					"$(inherited)",
					"@executable_path/Frameworks",
				);
				MARKETING_VERSION = 1.0;
				PRODUCT_BUNDLE_IDENTIFIER = Bolton.GitHubTest;
				PRODUCT_NAME = "$(TARGET_NAME)";
				SWIFT_EMIT_LOC_STRINGS = YES;
				SWIFT_VERSION = 5.0;
				TARGETED_DEVICE_FAMILY = "1,2";
			};
			name = Release;
		};
		6B95B2EA271EE8B200FFEC93 /* Debug */ = {
			isa = XCBuildConfiguration;
			buildSettings = {
				ALWAYS_EMBED_SWIFT_STANDARD_LIBRARIES = YES;
				BUNDLE_LOADER = "$(TEST_HOST)";
				CODE_SIGN_STYLE = Automatic;
				CURRENT_PROJECT_VERSION = 1;
				GENERATE_INFOPLIST_FILE = YES;
				IPHONEOS_DEPLOYMENT_TARGET = 14.0;
				LD_RUNPATH_SEARCH_PATHS = (
					"$(inherited)",
					"@executable_path/Frameworks",
					"@loader_path/Frameworks",
				);
				MARKETING_VERSION = 1.0;
				PRODUCT_BUNDLE_IDENTIFIER = Bolton.GitHubTestTests;
				PRODUCT_NAME = "$(TARGET_NAME)";
				SWIFT_EMIT_LOC_STRINGS = NO;
				SWIFT_VERSION = 5.0;
				TARGETED_DEVICE_FAMILY = "1,2";
				TEST_HOST = "$(BUILT_PRODUCTS_DIR)/GitHubTest.app/GitHubTest";
			};
			name = Debug;
		};
		6B95B2EB271EE8B200FFEC93 /* Release */ = {
			isa = XCBuildConfiguration;
			buildSettings = {
				ALWAYS_EMBED_SWIFT_STANDARD_LIBRARIES = YES;
				BUNDLE_LOADER = "$(TEST_HOST)";
				CODE_SIGN_STYLE = Automatic;
				CURRENT_PROJECT_VERSION = 1;
				GENERATE_INFOPLIST_FILE = YES;
				IPHONEOS_DEPLOYMENT_TARGET = 14.0;
				LD_RUNPATH_SEARCH_PATHS = (
					"$(inherited)",
					"@executable_path/Frameworks",
					"@loader_path/Frameworks",
				);
				MARKETING_VERSION = 1.0;
				PRODUCT_BUNDLE_IDENTIFIER = Bolton.GitHubTestTests;
				PRODUCT_NAME = "$(TARGET_NAME)";
				SWIFT_EMIT_LOC_STRINGS = NO;
				SWIFT_VERSION = 5.0;
				TARGETED_DEVICE_FAMILY = "1,2";
				TEST_HOST = "$(BUILT_PRODUCTS_DIR)/GitHubTest.app/GitHubTest";
			};
			name = Release;
		};
		6B95B2ED271EE8B200FFEC93 /* Debug */ = {
			isa = XCBuildConfiguration;
			buildSettings = {
				ALWAYS_EMBED_SWIFT_STANDARD_LIBRARIES = YES;
				CODE_SIGN_STYLE = Automatic;
				CURRENT_PROJECT_VERSION = 1;
				GENERATE_INFOPLIST_FILE = YES;
				LD_RUNPATH_SEARCH_PATHS = (
					"$(inherited)",
					"@executable_path/Frameworks",
					"@loader_path/Frameworks",
				);
				MARKETING_VERSION = 1.0;
				PRODUCT_BUNDLE_IDENTIFIER = Bolton.GitHubTestUITests;
				PRODUCT_NAME = "$(TARGET_NAME)";
				SWIFT_EMIT_LOC_STRINGS = NO;
				SWIFT_VERSION = 5.0;
				TARGETED_DEVICE_FAMILY = "1,2";
				TEST_TARGET_NAME = GitHubTest;
			};
			name = Debug;
		};
		6B95B2EE271EE8B200FFEC93 /* Release */ = {
			isa = XCBuildConfiguration;
			buildSettings = {
				ALWAYS_EMBED_SWIFT_STANDARD_LIBRARIES = YES;
				CODE_SIGN_STYLE = Automatic;
				CURRENT_PROJECT_VERSION = 1;
				GENERATE_INFOPLIST_FILE = YES;
				LD_RUNPATH_SEARCH_PATHS = (
					"$(inherited)",
					"@executable_path/Frameworks",
					"@loader_path/Frameworks",
				);
				MARKETING_VERSION = 1.0;
				PRODUCT_BUNDLE_IDENTIFIER = Bolton.GitHubTestUITests;
				PRODUCT_NAME = "$(TARGET_NAME)";
				SWIFT_EMIT_LOC_STRINGS = NO;
				SWIFT_VERSION = 5.0;
				TARGETED_DEVICE_FAMILY = "1,2";
				TEST_TARGET_NAME = GitHubTest;
			};
			name = Release;
		};
/* End XCBuildConfiguration section */

/* Begin XCConfigurationList section */
		6B95B2BD271EE8AE00FFEC93 /* Build configuration list for PBXProject "GitHubTest" */ = {
			isa = XCConfigurationList;
			buildConfigurations = (
				6B95B2E4271EE8B200FFEC93 /* Debug */,
				6B95B2E5271EE8B200FFEC93 /* Release */,
			);
			defaultConfigurationIsVisible = 0;
			defaultConfigurationName = Release;
		};
		6B95B2E6271EE8B200FFEC93 /* Build configuration list for PBXNativeTarget "GitHubTest" */ = {
			isa = XCConfigurationList;
			buildConfigurations = (
				6B95B2E7271EE8B200FFEC93 /* Debug */,
				6B95B2E8271EE8B200FFEC93 /* Release */,
			);
			defaultConfigurationIsVisible = 0;
			defaultConfigurationName = Release;
		};
		6B95B2E9271EE8B200FFEC93 /* Build configuration list for PBXNativeTarget "GitHubTestTests" */ = {
			isa = XCConfigurationList;
			buildConfigurations = (
				6B95B2EA271EE8B200FFEC93 /* Debug */,
				6B95B2EB271EE8B200FFEC93 /* Release */,
			);
			defaultConfigurationIsVisible = 0;
			defaultConfigurationName = Release;
		};
		6B95B2EC271EE8B200FFEC93 /* Build configuration list for PBXNativeTarget "GitHubTestUITests" */ = {
			isa = XCConfigurationList;
			buildConfigurations = (
				6B95B2ED271EE8B200FFEC93 /* Debug */,
				6B95B2EE271EE8B200FFEC93 /* Release */,
			);
			defaultConfigurationIsVisible = 0;
			defaultConfigurationName = Release;
		};
/* End XCConfigurationList section */
	};
	rootObject = 6B95B2BA271EE8AE00FFEC93 /* Project object */;
}
